annotated-doc==0.0.5
annotated-types==0.8.0
anyio==4.15.1
APScheduler==3.11.3
bleach==6.4.0
bcrypt==5.0.0
charset-normalizer==3.5.1
click==8.5.0
fastapi==0.141.1
flatbuffers==25.9.23
h11==0.16.0
httptools==0.8.0
idna==3.20
jh2==5.0.15
Jinja2==3.1.6
Markdown==3.10.3
MarkupSafe==3.0.3
niquests==3.21.2
numpy==2.5.3
openmeteo_requests==1.7.5
openmeteo_sdk==1.28.0
Petrovich==2.0.1
pillow==12.3.0
pydantic==2.13.5
pydantic-settings==2.15.0
pydantic_core==2.46.5
python-dotenv==1.2.3
python-multipart==0.0.32
PyYAML==6.0.3
qh3==2.0.3
starlette==1.7.0
typing-inspection==0.4.4
typing_extensions==4.16.0
tzlocal==5.4.4
urllib3-future==2.25.900
uvicorn==0.53.0
uvloop==0.22.1
wassima==2.1.4
watchfiles==1.3.0
webencodings==0.6.1
websockets==17.1
